
Microsoft Visual Studio Solution File, Format Version 12.00
# Visual Studio Version 16
VisualStudioVersion = 16.0.31424.327
MinimumVisualStudioVersion = 10.0.40219.1
Project("{FAE04EC0-301F-11D3-BF4B-00C04F79EFBC}") = "HomeWork0716", "HomeWork0716\HomeWork0716.csproj", "{4E3DD8D4-ACEE-41B5-8707-0FE766ACBECF}"
EndProject
Global
	GlobalSection(SolutionConfigurationPlatforms) = preSolution
		Debug|Any CPU = Debug|Any CPU
		Release|Any CPU = Release|Any CPU
	EndGlobalSection
	GlobalSection(ProjectConfigurationPlatforms) = postSolution
		{4E3DD8D4-ACEE-41B5-8707-0FE766ACBECF}.Debug|Any CPU.ActiveCfg = Debug|Any CPU
		{4E3DD8D4-ACEE-41B5-8707-0FE766ACBECF}.Debug|Any CPU.Build.0 = Debug|Any CPU
		{4E3DD8D4-ACEE-41B5-8707-0FE766ACBECF}.Release|Any CPU.ActiveCfg = Release|Any CPU
		{4E3DD8D4-ACEE-41B5-8707-0FE766ACBECF}.Release|Any CPU.Build.0 = Release|Any CPU
	EndGlobalSection
	GlobalSection(SolutionProperties) = preSolution
		HideSolutionNode = FALSE
	EndGlobalSection
	GlobalSection(ExtensibilityGlobals) = postSolution
		SolutionGuid = {A9EC9E93-6EB9-4B57-B3AA-4851AFBE280E}
	EndGlobalSection
EndGlobal
